
Microsoft Visual Studio Solution File, Format Version 12.00
# Visual Studio 15
VisualStudioVersion = 15.0.28307.136
MinimumVisualStudioVersion = 10.0.40219.1
Project("{9A19103F-16F7-4668-BE54-9A1E7A4F7556}") = "HttpCheckDnsServer", "HttpCheckDnsServer\HttpCheckDnsServer.csproj", "{205ECB80-CF7F-4CD6-8B07-26D397BFFD52}"
EndProject
Global
	GlobalSection(SolutionConfigurationPlatforms) = preSolution
		Debug|Any CPU = Debug|Any CPU
		Release|Any CPU = Release|Any CPU
	EndGlobalSection
	GlobalSection(ProjectConfigurationPlatforms) = postSolution
		{205ECB80-CF7F-4CD6-8B07-26D397BFFD52}.Debug|Any CPU.ActiveCfg = Debug|Any CPU
		{205ECB80-CF7F-4CD6-8B07-26D397BFFD52}.Debug|Any CPU.Build.0 = Debug|Any CPU
		{205ECB80-CF7F-4CD6-8B07-26D397BFFD52}.Release|Any CPU.ActiveCfg = Release|Any CPU
		{205ECB80-CF7F-4CD6-8B07-26D397BFFD52}.Release|Any CPU.Build.0 = Release|Any CPU
	EndGlobalSection
	GlobalSection(SolutionProperties) = preSolution
		HideSolutionNode = FALSE
	EndGlobalSection
	GlobalSection(ExtensibilityGlobals) = postSolution
		SolutionGuid = {BBACA822-2E68-450B-9F37-B7AF9EBEA71E}
	EndGlobalSection
EndGlobal
